// !$*UTF8*$!
{
	archiveVersion = 1;
	classes = {
	};
	objectVersion = 51;
	objects = {

/* Begin PBXBuildFile section */
		0D92A5C725A3F16200707798 /* DemoAuthFirebaseApp.swift in Sources */ = {isa = PBXBuildFile; fileRef = 0D92A5C625A3F16200707798 /* DemoAuthFirebaseApp.swift */; };
		0D92A5C925A3F16200707798 /* ContentView.swift in Sources */ = {isa = PBXBuildFile; fileRef = 0D92A5C825A3F16200707798 /* ContentView.swift */; };
		0D92A5CB25A3F16500707798 /* Assets.xcassets in Resources */ = {isa = PBXBuildFile; fileRef = 0D92A5CA25A3F16500707798 /* Assets.xcassets */; };
		0D92A5CE25A3F16500707798 /* Preview Assets.xcassets in Resources */ = {isa = PBXBuildFile; fileRef = 0D92A5CD25A3F16500707798 /* Preview Assets.xcassets */; };
		0D92A5D825A3F39100707798 /* AppDelegate.swift in Sources */ = {isa = PBXBuildFile; fileRef = 0D92A5D725A3F39100707798 /* AppDelegate.swift */; };
		BDAAC2411916122DF15803B8 /* Pods_DemoAuthFirebase.framework in Frameworks */ = {isa = PBXBuildFile; fileRef = 7469509D0F041084BD2D6681 /* Pods_DemoAuthFirebase.framework */; };
/* End PBXBuildFile section */

/* Begin PBXFileReference section */
		0D92A5C325A3F16200707798 /* DemoAuthFirebase.app */ = {isa = PBXFileReference; explicitFileType = wrapper.application; includeInIndex = 0; path = DemoAuthFirebase.app; sourceTree = BUILT_PRODUCTS_DIR; };
		0D92A5C625A3F16200707798 /* DemoAuthFirebaseApp.swift */ = {isa = PBXFileReference; lastKnownFileType = sourcecode.swift; path = DemoAuthFirebaseApp.swift; sourceTree = "<group>"; };
		0D92A5C825A3F16200707798 /* ContentView.swift */ = {isa = PBXFileReference; lastKnownFileType = sourcecode.swift; path = ContentView.swift; sourceTree = "<group>"; };
		0D92A5CA25A3F16500707798 /* Assets.xcassets */ = {isa = PBXFileReference; lastKnownFileType = folder.assetcatalog; path = Assets.xcassets; sourceTree = "<group>"; };
		0D92A5CD25A3F16500707798 /* Preview Assets.xcassets */ = {isa = PBXFileReference; lastKnownFileType = folder.assetcatalog; path = "Preview Assets.xcassets"; sourceTree = "<group>"; };
		0D92A5CF25A3F16500707798 /* Info.plist */ = {isa = PBXFileReference; lastKnownFileType = text.plist.xml; path = Info.plist; sourceTree = "<group>"; };
		0D92A5D725A3F39100707798 /* AppDelegate.swift */ = {isa = PBXFileReference; lastKnownFileType = sourcecode.swift; path = AppDelegate.swift; sourceTree = "<group>"; };
		6C92F390C618478F482ABBD5 /* Pods-DemoAuthFirebase.debug.xcconfig */ = {isa = PBXFileReference; includeInIndex = 1; lastKnownFileType = text.xcconfig; name = "Pods-DemoAuthFirebase.debug.xcconfig"; path = "Target Support Files/Pods-DemoAuthFirebase/Pods-DemoAuthFirebase.debug.xcconfig"; sourceTree = "<group>"; };
		7469509D0F041084BD2D6681 /* Pods_DemoAuthFirebase.framework */ = {isa = PBXFileReference; explicitFileType = wrapper.framework; includeInIndex = 0; path = Pods_DemoAuthFirebase.framework; sourceTree = BUILT_PRODUCTS_DIR; };
		74BA742DAF15BB8B67D14BD1 /* Pods-DemoAuthFirebase.release.xcconfig */ = {isa = PBXFileReference; includeInIndex = 1; lastKnownFileType = text.xcconfig; name = "Pods-DemoAuthFirebase.release.xcconfig"; path = "Target Support Files/Pods-DemoAuthFirebase/Pods-DemoAuthFirebase.release.xcconfig"; sourceTree = "<group>"; };
/* End PBXFileReference section */

/* Begin PBXFrameworksBuildPhase section */
		0D92A5C025A3F16200707798 /* Frameworks */ = {
			isa = PBXFrameworksBuildPhase;
			buildActionMask = 2147483647;
			files = (
				BDAAC2411916122DF15803B8 /* Pods_DemoAuthFirebase.framework in Frameworks */,
			);
			runOnlyForDeploymentPostprocessing = 0;
		};
/* End PBXFrameworksBuildPhase section */

/* Begin PBXGroup section */
		0D92A5BA25A3F16200707798 = {
			isa = PBXGroup;
			children = (
				0D92A5C525A3F16200707798 /* DemoAuthFirebase */,
				0D92A5C425A3F16200707798 /* Products */,
				AC890B262F7E46E06C991F5E /* Pods */,
				9BE152750259DED23BF49C16 /* Frameworks */,
			);
			sourceTree = "<group>";
		};
		0D92A5C425A3F16200707798 /* Products */ = {
			isa = PBXGroup;
			children = (
				0D92A5C325A3F16200707798 /* DemoAuthFirebase.app */,
			);
			name = Products;
			sourceTree = "<group>";
		};
		0D92A5C525A3F16200707798 /* DemoAuthFirebase */ = {
			isa = PBXGroup;
			children = (
				0D92A5C625A3F16200707798 /* DemoAuthFirebaseApp.swift */,
				0D92A5D725A3F39100707798 /* AppDelegate.swift */,
				0D92A5C825A3F16200707798 /* ContentView.swift */,
				0D92A5CA25A3F16500707798 /* Assets.xcassets */,
				0D92A5CF25A3F16500707798 /* Info.plist */,
				0D92A5CC25A3F16500707798 /* Preview Content */,
			);
			path = DemoAuthFirebase;
			sourceTree = "<group>";
		};
		0D92A5CC25A3F16500707798 /* Preview Content */ = {
			isa = PBXGroup;
			children = (
				0D92A5CD25A3F16500707798 /* Preview Assets.xcassets */,
			);
			path = "Preview Content";
			sourceTree = "<group>";
		};
		9BE152750259DED23BF49C16 /* Frameworks */ = {
			isa = PBXGroup;
			children = (
				7469509D0F041084BD2D6681 /* Pods_DemoAuthFirebase.framework */,
			);
			name = Frameworks;
			sourceTree = "<group>";
		};
		AC890B262F7E46E06C991F5E /* Pods */ = {
			isa = PBXGroup;
			children = (
				6C92F390C618478F482ABBD5 /* Pods-DemoAuthFirebase.debug.xcconfig */,
				74BA742DAF15BB8B67D14BD1 /* Pods-DemoAuthFirebase.release.xcconfig */,
			);
			path = Pods;
			sourceTree = "<group>";
		};
/* End PBXGroup section */

/* Begin PBXNativeTarget section */
		0D92A5C225A3F16200707798 /* DemoAuthFirebase */ = {
			isa = PBXNativeTarget;
			buildConfigurationList = 0D92A5D225A3F16500707798 /* Build configuration list for PBXNativeTarget "DemoAuthFirebase" */;
			buildPhases = (
				6CE7585C267DEA74658A17E2 /* [CP] Check Pods Manifest.lock */,
				0D92A5BF25A3F16200707798 /* Sources */,
				0D92A5C025A3F16200707798 /* Frameworks */,
				0D92A5C125A3F16200707798 /* Resources */,
				97A008683E28C0E26FE472AB /* [CP] Embed Pods Frameworks */,
			);
			buildRules = (
			);
			dependencies = (
			);
			name = DemoAuthFirebase;
			productName = DemoAuthFirebase;
			productReference = 0D92A5C325A3F16200707798 /* DemoAuthFirebase.app */;
			productType = "com.apple.product-type.application";
		};
/* End PBXNativeTarget section */

/* Begin PBXProject section */
		0D92A5BB25A3F16200707798 /* Project object */ = {
			isa = PBXProject;
			attributes = {
				LastSwiftUpdateCheck = 1230;
				LastUpgradeCheck = 1230;
				TargetAttributes = {
					0D92A5C225A3F16200707798 = {
						CreatedOnToolsVersion = 12.3;
					};
				};
			};
			buildConfigurationList = 0D92A5BE25A3F16200707798 /* Build configuration list for PBXProject "DemoAuthFirebase" */;
			compatibilityVersion = "Xcode 9.3";
			developmentRegion = en;
			hasScannedForEncodings = 0;
			knownRegions = (
				en,
				Base,
			);
			mainGroup = 0D92A5BA25A3F16200707798;
			productRefGroup = 0D92A5C425A3F16200707798 /* Products */;
			projectDirPath = "";
			projectRoot = "";
			targets = (
				0D92A5C225A3F16200707798 /* DemoAuthFirebase */,
			);
		};
/* End PBXProject section */

/* Begin PBXResourcesBuildPhase section */
		0D92A5C125A3F16200707798 /* Resources */ = {
			isa = PBXResourcesBuildPhase;
			buildActionMask = 2147483647;
			files = (
				0D92A5CE25A3F16500707798 /* Preview Assets.xcassets in Resources */,
				0D92A5CB25A3F16500707798 /* Assets.xcassets in Resources */,
			);
			runOnlyForDeploymentPostprocessing = 0;
		};
/* End PBXResourcesBuildPhase section */

/* Begin PBXShellScriptBuildPhase section */
		6CE7585C267DEA74658A17E2 /* [CP] Check Pods Manifest.lock */ = {
			isa = PBXShellScriptBuildPhase;
			buildActionMask = 2147483647;
			files = (
			);
			inputFileListPaths = (
			);
			inputPaths = (
				"${PODS_PODFILE_DIR_PATH}/Podfile.lock",
				"${PODS_ROOT}/Manifest.lock",
			);
			name = "[CP] Check Pods Manifest.lock";
			outputFileListPaths = (
			);
			outputPaths = (
				"$(DERIVED_FILE_DIR)/Pods-DemoAuthFirebase-checkManifestLockResult.txt",
			);
			runOnlyForDeploymentPostprocessing = 0;
			shellPath = /bin/sh;
			shellScript = "diff \"${PODS_PODFILE_DIR_PATH}/Podfile.lock\" \"${PODS_ROOT}/Manifest.lock\" > /dev/null\nif [ $? != 0 ] ; then\n    # print error to STDERR\n    echo \"error: The sandbox is not in sync with the Podfile.lock. Run 'pod install' or update your CocoaPods installation.\" >&2\n    exit 1\nfi\n# This output is used by Xcode 'outputs' to avoid re-running this script phase.\necho \"SUCCESS\" > \"${SCRIPT_OUTPUT_FILE_0}\"\n";
			showEnvVarsInLog = 0;
		};
		97A008683E28C0E26FE472AB /* [CP] Embed Pods Frameworks */ = {
			isa = PBXShellScriptBuildPhase;
			buildActionMask = 2147483647;
			files = (
			);
			inputFileListPaths = (
				"${PODS_ROOT}/Target Support Files/Pods-DemoAuthFirebase/Pods-DemoAuthFirebase-frameworks-${CONFIGURATION}-input-files.xcfilelist",
			);
			name = "[CP] Embed Pods Frameworks";
			outputFileListPaths = (
				"${PODS_ROOT}/Target Support Files/Pods-DemoAuthFirebase/Pods-DemoAuthFirebase-frameworks-${CONFIGURATION}-output-files.xcfilelist",
			);
			runOnlyForDeploymentPostprocessing = 0;
			shellPath = /bin/sh;
			shellScript = "\"${PODS_ROOT}/Target Support Files/Pods-DemoAuthFirebase/Pods-DemoAuthFirebase-frameworks.sh\"\n";
			showEnvVarsInLog = 0;
		};
/* End PBXShellScriptBuildPhase section */

/* Begin PBXSourcesBuildPhase section */
		0D92A5BF25A3F16200707798 /* Sources */ = {
			isa = PBXSourcesBuildPhase;
			buildActionMask = 2147483647;
			files = (
				0D92A5D825A3F39100707798 /* AppDelegate.swift in Sources */,
				0D92A5C925A3F16200707798 /* ContentView.swift in Sources */,
				0D92A5C725A3F16200707798 /* DemoAuthFirebaseApp.swift in Sources */,
			);
			runOnlyForDeploymentPostprocessing = 0;
		};
/* End PBXSourcesBuildPhase section */

/* Begin XCBuildConfiguration section */
		0D92A5D025A3F16500707798 /* Debug */ = {
			isa = XCBuildConfiguration;
			buildSettings = {
				ALWAYS_SEARCH_USER_PATHS = NO;
				CLANG_ANALYZER_NONNULL = YES;
				CLANG_ANALYZER_NUMBER_OBJECT_CONVERSION = YES_AGGRESSIVE;
				CLANG_CXX_LANGUAGE_STANDARD = "gnu++14";
				CLANG_CXX_LIBRARY = "libc++";
				CLANG_ENABLE_MODULES = YES;
				CLANG_ENABLE_OBJC_ARC = YES;
				CLANG_ENABLE_OBJC_WEAK = YES;
				CLANG_WARN_BLOCK_CAPTURE_AUTORELEASING = YES;
				CLANG_WARN_BOOL_CONVERSION = YES;
				CLANG_WARN_COMMA = YES;
				CLANG_WARN_CONSTANT_CONVERSION = YES;
				CLANG_WARN_DEPRECATED_OBJC_IMPLEMENTATIONS = YES;
				CLANG_WARN_DIRECT_OBJC_ISA_USAGE = YES_ERROR;
				CLANG_WARN_DOCUMENTATION_COMMENTS = YES;
				CLANG_WARN_EMPTY_BODY = YES;
				CLANG_WARN_ENUM_CONVERSION = YES;
				CLANG_WARN_INFINITE_RECURSION = YES;
				CLANG_WARN_INT_CONVERSION = YES;
				CLANG_WARN_NON_LITERAL_NULL_CONVERSION = YES;
				CLANG_WARN_OBJC_IMPLICIT_RETAIN_SELF = YES;
				CLANG_WARN_OBJC_LITERAL_CONVERSION = YES;
				CLANG_WARN_OBJC_ROOT_CLASS = YES_ERROR;
				CLANG_WARN_QUOTED_INCLUDE_IN_FRAMEWORK_HEADER = YES;
				CLANG_WARN_RANGE_LOOP_ANALYSIS = YES;
				CLANG_WARN_STRICT_PROTOTYPES = YES;
				CLANG_WARN_SUSPICIOUS_MOVE = YES;
				CLANG_WARN_UNGUARDED_AVAILABILITY = YES_AGGRESSIVE;
				CLANG_WARN_UNREACHABLE_CODE = YES;
				CLANG_WARN__DUPLICATE_METHOD_MATCH = YES;
				COPY_PHASE_STRIP = NO;
				DEBUG_INFORMATION_FORMAT = dwarf;
				ENABLE_STRICT_OBJC_MSGSEND = YES;
				ENABLE_TESTABILITY = YES;
				GCC_C_LANGUAGE_STANDARD = gnu11;
				GCC_DYNAMIC_NO_PIC = NO;
				GCC_NO_COMMON_BLOCKS = YES;
				GCC_OPTIMIZATION_LEVEL = 0;
				GCC_PREPROCESSOR_DEFINITIONS = (
					"DEBUG=1",
					"$(inherited)",
				);
				GCC_WARN_64_TO_32_BIT_CONVERSION = YES;
				GCC_WARN_ABOUT_RETURN_TYPE = YES_ERROR;
				GCC_WARN_UNDECLARED_SELECTOR = YES;
				GCC_WARN_UNINITIALIZED_AUTOS = YES_AGGRESSIVE;
				GCC_WARN_UNUSED_FUNCTION = YES;
				GCC_WARN_UNUSED_VARIABLE = YES;
				IPHONEOS_DEPLOYMENT_TARGET = 14.3;
				MTL_ENABLE_DEBUG_INFO = INCLUDE_SOURCE;
				MTL_FAST_MATH = YES;
				ONLY_ACTIVE_ARCH = YES;
				SDKROOT = iphoneos;
				SWIFT_ACTIVE_COMPILATION_CONDITIONS = DEBUG;
				SWIFT_OPTIMIZATION_LEVEL = "-Onone";
			};
			name = Debug;
		};
		0D92A5D125A3F16500707798 /* Release */ = {
			isa = XCBuildConfiguration;
			buildSettings = {
				ALWAYS_SEARCH_USER_PATHS = NO;
				CLANG_ANALYZER_NONNULL = YES;
				CLANG_ANALYZER_NUMBER_OBJECT_CONVERSION = YES_AGGRESSIVE;
				CLANG_CXX_LANGUAGE_STANDARD = "gnu++14";
				CLANG_CXX_LIBRARY = "libc++";
				CLANG_ENABLE_MODULES = YES;
				CLANG_ENABLE_OBJC_ARC = YES;
				CLANG_ENABLE_OBJC_WEAK = YES;
				CLANG_WARN_BLOCK_CAPTURE_AUTORELEASING = YES;
				CLANG_WARN_BOOL_CONVERSION = YES;
				CLANG_WARN_COMMA = YES;
				CLANG_WARN_CONSTANT_CONVERSION = YES;
				CLANG_WARN_DEPRECATED_OBJC_IMPLEMENTATIONS = YES;
				CLANG_WARN_DIRECT_OBJC_ISA_USAGE = YES_ERROR;
				CLANG_WARN_DOCUMENTATION_COMMENTS = YES;
				CLANG_WARN_EMPTY_BODY = YES;
				CLANG_WARN_ENUM_CONVERSION = YES;
				CLANG_WARN_INFINITE_RECURSION = YES;
				CLANG_WARN_INT_CONVERSION = YES;
				CLANG_WARN_NON_LITERAL_NULL_CONVERSION = YES;
				CLANG_WARN_OBJC_IMPLICIT_RETAIN_SELF = YES;
				CLANG_WARN_OBJC_LITERAL_CONVERSION = YES;
				CLANG_WARN_OBJC_ROOT_CLASS = YES_ERROR;
				CLANG_WARN_QUOTED_INCLUDE_IN_FRAMEWORK_HEADER = YES;
				CLANG_WARN_RANGE_LOOP_ANALYSIS = YES;
				CLANG_WARN_STRICT_PROTOTYPES = YES;
				CLANG_WARN_SUSPICIOUS_MOVE = YES;
				CLANG_WARN_UNGUARDED_AVAILABILITY = YES_AGGRESSIVE;
				CLANG_WARN_UNREACHABLE_CODE = YES;
				CLANG_WARN__DUPLICATE_METHOD_MATCH = YES;
				COPY_PHASE_STRIP = NO;
				DEBUG_INFORMATION_FORMAT = "dwarf-with-dsym";
				ENABLE_NS_ASSERTIONS = NO;
				ENABLE_STRICT_OBJC_MSGSEND = YES;
				GCC_C_LANGUAGE_STANDARD = gnu11;
				GCC_NO_COMMON_BLOCKS = YES;
				GCC_WARN_64_TO_32_BIT_CONVERSION = YES;
				GCC_WARN_ABOUT_RETURN_TYPE = YES_ERROR;
				GCC_WARN_UNDECLARED_SELECTOR = YES;
				GCC_WARN_UNINITIALIZED_AUTOS = YES_AGGRESSIVE;
				GCC_WARN_UNUSED_FUNCTION = YES;
				GCC_WARN_UNUSED_VARIABLE = YES;
				IPHONEOS_DEPLOYMENT_TARGET = 14.3;
				MTL_ENABLE_DEBUG_INFO = NO;
				MTL_FAST_MATH = YES;
				SDKROOT = iphoneos;
				SWIFT_COMPILATION_MODE = wholemodule;
				SWIFT_OPTIMIZATION_LEVEL = "-O";
				VALIDATE_PRODUCT = YES;
			};
			name = Release;
		};
		0D92A5D325A3F16500707798 /* Debug */ = {
			isa = XCBuildConfiguration;
			baseConfigurationReference = 6C92F390C618478F482ABBD5 /* Pods-DemoAuthFirebase.debug.xcconfig */;
			buildSettings = {
				ASSETCATALOG_COMPILER_APPICON_NAME = AppIcon;
				ASSETCATALOG_COMPILER_GLOBAL_ACCENT_COLOR_NAME = AccentColor;
				CODE_SIGN_STYLE = Automatic;
				DEVELOPMENT_ASSET_PATHS = "\"DemoAuthFirebase/Preview Content\"";
				DEVELOPMENT_TEAM = 2HZA87N2GF;
				ENABLE_PREVIEWS = YES;
				INFOPLIST_FILE = DemoAuthFirebase/Info.plist;
				IPHONEOS_DEPLOYMENT_TARGET = 14.0;
				LD_RUNPATH_SEARCH_PATHS = (
					"$(inherited)",
					"@executable_path/Frameworks",
				);
				PRODUCT_BUNDLE_IDENTIFIER = com.demoAuthFirebase.DemoAuthFirebase;
				PRODUCT_NAME = "$(TARGET_NAME)";
				SWIFT_VERSION = 5.0;
				TARGETED_DEVICE_FAMILY = "1,2";
			};
			name = Debug;
		};
		0D92A5D425A3F16500707798 /* Release */ = {
			isa = XCBuildConfiguration;
			baseConfigurationReference = 74BA742DAF15BB8B67D14BD1 /* Pods-DemoAuthFirebase.release.xcconfig */;
			buildSettings = {
				ASSETCATALOG_COMPILER_APPICON_NAME = AppIcon;
				ASSETCATALOG_COMPILER_GLOBAL_ACCENT_COLOR_NAME = AccentColor;
				CODE_SIGN_STYLE = Automatic;
				DEVELOPMENT_ASSET_PATHS = "\"DemoAuthFirebase/Preview Content\"";
				DEVELOPMENT_TEAM = 2HZA87N2GF;
				ENABLE_PREVIEWS = YES;
				INFOPLIST_FILE = DemoAuthFirebase/Info.plist;
				IPHONEOS_DEPLOYMENT_TARGET = 14.0;
				LD_RUNPATH_SEARCH_PATHS = (
					"$(inherited)",
					"@executable_path/Frameworks",
				);
				PRODUCT_BUNDLE_IDENTIFIER = com.demoAuthFirebase.DemoAuthFirebase;
				PRODUCT_NAME = "$(TARGET_NAME)";
				SWIFT_VERSION = 5.0;
				TARGETED_DEVICE_FAMILY = "1,2";
			};
			name = Release;
		};
/* End XCBuildConfiguration section */

/* Begin XCConfigurationList section */
		0D92A5BE25A3F16200707798 /* Build configuration list for PBXProject "DemoAuthFirebase" */ = {
			isa = XCConfigurationList;
			buildConfigurations = (
				0D92A5D025A3F16500707798 /* Debug */,
				0D92A5D125A3F16500707798 /* Release */,
			);
			defaultConfigurationIsVisible = 0;
			defaultConfigurationName = Release;
		};
		0D92A5D225A3F16500707798 /* Build configuration list for PBXNativeTarget "DemoAuthFirebase" */ = {
			isa = XCConfigurationList;
			buildConfigurations = (
				0D92A5D325A3F16500707798 /* Debug */,
				0D92A5D425A3F16500707798 /* Release */,
			);
			defaultConfigurationIsVisible = 0;
			defaultConfigurationName = Release;
		};
/* End XCConfigurationList section */
	};
	rootObject = 0D92A5BB25A3F16200707798 /* Project object */;
}
